
Microsoft Visual Studio Solution File, Format Version 12.00
# Visual Studio Version 17
VisualStudioVersion = 17.13.35828.75
MinimumVisualStudioVersion = 10.0.40219.1
Project("{FAE04EC0-301F-11D3-BF4B-00C04F79EFBC}") = "AnimeService", "AnimeService\AnimeService.csproj", "{8EB2DF81-2E85-4AE5-86F6-5E5BC1349A57}"
EndProject
Project("{FAE04EC0-301F-11D3-BF4B-00C04F79EFBC}") = "AccountService", "AccountService\AccountService.csproj", "{03532A71-AE78-4A9C-8182-67F49E6D6BED}"
EndProject
Global
	GlobalSection(SolutionConfigurationPlatforms) = preSolution
		Debug|Any CPU = Debug|Any CPU
		Release|Any CPU = Release|Any CPU
	EndGlobalSection
	GlobalSection(ProjectConfigurationPlatforms) = postSolution
		{8EB2DF81-2E85-4AE5-86F6-5E5BC1349A57}.Debug|Any CPU.ActiveCfg = Debug|Any CPU
		{8EB2DF81-2E85-4AE5-86F6-5E5BC1349A57}.Debug|Any CPU.Build.0 = Debug|Any CPU
		{8EB2DF81-2E85-4AE5-86F6-5E5BC1349A57}.Release|Any CPU.ActiveCfg = Release|Any CPU
		{8EB2DF81-2E85-4AE5-86F6-5E5BC1349A57}.Release|Any CPU.Build.0 = Release|Any CPU
		{03532A71-AE78-4A9C-8182-67F49E6D6BED}.Debug|Any CPU.ActiveCfg = Debug|Any CPU
		{03532A71-AE78-4A9C-8182-67F49E6D6BED}.Debug|Any CPU.Build.0 = Debug|Any CPU
		{03532A71-AE78-4A9C-8182-67F49E6D6BED}.Release|Any CPU.ActiveCfg = Release|Any CPU
		{03532A71-AE78-4A9C-8182-67F49E6D6BED}.Release|Any CPU.Build.0 = Release|Any CPU
	EndGlobalSection
	GlobalSection(SolutionProperties) = preSolution
		HideSolutionNode = FALSE
	EndGlobalSection
	GlobalSection(ExtensibilityGlobals) = postSolution
		SolutionGuid = {8EFE7A86-5248-452A-A8C4-58D6C076799F}
	EndGlobalSection
EndGlobal
